
Microsoft Visual Studio Solution File, Format Version 12.00
Project("{FAE04EC0-301F-11D3-BF4B-00C04F79EFBC}") = "Clinic.Entities", "Clinic.Entities\Clinic.Entities.csproj", "{4D4D2866-FF52-464E-AAE3-9196A6240E75}"
EndProject
Project("{FAE04EC0-301F-11D3-BF4B-00C04F79EFBC}") = "Clinic.Migrations", "Clinic.Migrations\Clinic.Migrations.csproj", "{71C5A750-CB4E-433B-92C2-7509B71C0717}"
EndProject
Project("{FAE04EC0-301F-11D3-BF4B-00C04F79EFBC}") = "Clinic.RestApi", "Clinic.RestApi\Clinic.RestApi.csproj", "{76618F30-5C2C-4147-9699-D3970EEBE3E4}"
EndProject
Project("{FAE04EC0-301F-11D3-BF4B-00C04F79EFBC}") = "Clinic.Persistence.EF", "Clinic.Persistence.EF\Clinic.Persistence.EF.csproj", "{D65CEB11-87E4-433E-B81F-906D2021855C}"
EndProject
Project("{FAE04EC0-301F-11D3-BF4B-00C04F79EFBC}") = "Clinic.Infrastructure", "Clinic.Infrastructure\Clinic.Infrastructure.csproj", "{0B3F75E0-C310-4EEF-8548-9FC31EC1BF5C}"
EndProject
Project("{FAE04EC0-301F-11D3-BF4B-00C04F79EFBC}") = "Clinic.Services", "Clinic.Services\Clinic.Services.csproj", "{62889D25-402B-4855-9BD5-79D4E8F7F5C3}"
EndProject
Global
	GlobalSection(SolutionConfigurationPlatforms) = preSolution
		Debug|Any CPU = Debug|Any CPU
		Release|Any CPU = Release|Any CPU
	EndGlobalSection
	GlobalSection(ProjectConfigurationPlatforms) = postSolution
		{4D4D2866-FF52-464E-AAE3-9196A6240E75}.Debug|Any CPU.ActiveCfg = Debug|Any CPU
		{4D4D2866-FF52-464E-AAE3-9196A6240E75}.Debug|Any CPU.Build.0 = Debug|Any CPU
		{4D4D2866-FF52-464E-AAE3-9196A6240E75}.Release|Any CPU.ActiveCfg = Release|Any CPU
		{4D4D2866-FF52-464E-AAE3-9196A6240E75}.Release|Any CPU.Build.0 = Release|Any CPU
		{71C5A750-CB4E-433B-92C2-7509B71C0717}.Debug|Any CPU.ActiveCfg = Debug|Any CPU
		{71C5A750-CB4E-433B-92C2-7509B71C0717}.Debug|Any CPU.Build.0 = Debug|Any CPU
		{71C5A750-CB4E-433B-92C2-7509B71C0717}.Release|Any CPU.ActiveCfg = Release|Any CPU
		{71C5A750-CB4E-433B-92C2-7509B71C0717}.Release|Any CPU.Build.0 = Release|Any CPU
		{76618F30-5C2C-4147-9699-D3970EEBE3E4}.Debug|Any CPU.ActiveCfg = Debug|Any CPU
		{76618F30-5C2C-4147-9699-D3970EEBE3E4}.Debug|Any CPU.Build.0 = Debug|Any CPU
		{76618F30-5C2C-4147-9699-D3970EEBE3E4}.Release|Any CPU.ActiveCfg = Release|Any CPU
		{76618F30-5C2C-4147-9699-D3970EEBE3E4}.Release|Any CPU.Build.0 = Release|Any CPU
		{D65CEB11-87E4-433E-B81F-906D2021855C}.Debug|Any CPU.ActiveCfg = Debug|Any CPU
		{D65CEB11-87E4-433E-B81F-906D2021855C}.Debug|Any CPU.Build.0 = Debug|Any CPU
		{D65CEB11-87E4-433E-B81F-906D2021855C}.Release|Any CPU.ActiveCfg = Release|Any CPU
		{D65CEB11-87E4-433E-B81F-906D2021855C}.Release|Any CPU.Build.0 = Release|Any CPU
		{0B3F75E0-C310-4EEF-8548-9FC31EC1BF5C}.Debug|Any CPU.ActiveCfg = Debug|Any CPU
		{0B3F75E0-C310-4EEF-8548-9FC31EC1BF5C}.Debug|Any CPU.Build.0 = Debug|Any CPU
		{0B3F75E0-C310-4EEF-8548-9FC31EC1BF5C}.Release|Any CPU.ActiveCfg = Release|Any CPU
		{0B3F75E0-C310-4EEF-8548-9FC31EC1BF5C}.Release|Any CPU.Build.0 = Release|Any CPU
		{62889D25-402B-4855-9BD5-79D4E8F7F5C3}.Debug|Any CPU.ActiveCfg = Debug|Any CPU
		{62889D25-402B-4855-9BD5-79D4E8F7F5C3}.Debug|Any CPU.Build.0 = Debug|Any CPU
		{62889D25-402B-4855-9BD5-79D4E8F7F5C3}.Release|Any CPU.ActiveCfg = Release|Any CPU
		{62889D25-402B-4855-9BD5-79D4E8F7F5C3}.Release|Any CPU.Build.0 = Release|Any CPU
	EndGlobalSection
EndGlobal
